
Microsoft Visual Studio Solution File, Format Version 12.00
# Visual Studio 15
VisualStudioVersion = 15.0.27428.2037
MinimumVisualStudioVersion = 10.0.40219.1
Project("{FAE04EC0-301F-11D3-BF4B-00C04F79EFBC}") = "LaunchAppFromBackground", "LaunchAppFromBackground\LaunchAppFromBackground.csproj", "{DE6646DA-A484-4BF4-AA22-CBB6B5AA98C2}"
	ProjectSection(ProjectDependencies) = postProject
		{8768766B-6313-49DE-954C-F74E5429784D} = {8768766B-6313-49DE-954C-F74E5429784D}
		{57DB77D1-0FBA-47A3-BBB3-32B17D39314F} = {57DB77D1-0FBA-47A3-BBB3-32B17D39314F}
	EndProjectSection
EndProject
Project("{FAE04EC0-301F-11D3-BF4B-00C04F79EFBC}") = "BackgroundTask", "BackgroundTask\BackgroundTask.csproj", "{8768766B-6313-49DE-954C-F74E5429784D}"
EndProject
Project("{FAE04EC0-301F-11D3-BF4B-00C04F79EFBC}") = "DesktopExtension", "DesktopExtension\DesktopExtension.csproj", "{57DB77D1-0FBA-47A3-BBB3-32B17D39314F}"
EndProject
Project("{C7167F0D-BC9F-4E6E-AFE1-012C56B48DB5}") = "Package", "Package\Package.wapproj", "{0CD9A67F-215F-4F24-94E5-291A855CA668}"
	ProjectSection(ProjectDependencies) = postProject
		{8768766B-6313-49DE-954C-F74E5429784D} = {8768766B-6313-49DE-954C-F74E5429784D}
	EndProjectSection
EndProject
Global
	GlobalSection(SolutionConfigurationPlatforms) = preSolution
		Debug|Any CPU = Debug|Any CPU
		Debug|ARM = Debug|ARM
		Debug|x64 = Debug|x64
		Debug|x86 = Debug|x86
		Release|Any CPU = Release|Any CPU
		Release|ARM = Release|ARM
		Release|x64 = Release|x64
		Release|x86 = Release|x86
	EndGlobalSection
	GlobalSection(ProjectConfigurationPlatforms) = postSolution
		{DE6646DA-A484-4BF4-AA22-CBB6B5AA98C2}.Debug|Any CPU.ActiveCfg = Debug|x86
		{DE6646DA-A484-4BF4-AA22-CBB6B5AA98C2}.Debug|ARM.ActiveCfg = Debug|ARM
		{DE6646DA-A484-4BF4-AA22-CBB6B5AA98C2}.Debug|ARM.Build.0 = Debug|ARM
		{DE6646DA-A484-4BF4-AA22-CBB6B5AA98C2}.Debug|ARM.Deploy.0 = Debug|ARM
		{DE6646DA-A484-4BF4-AA22-CBB6B5AA98C2}.Debug|x64.ActiveCfg = Debug|x64
		{DE6646DA-A484-4BF4-AA22-CBB6B5AA98C2}.Debug|x64.Build.0 = Debug|x64
		{DE6646DA-A484-4BF4-AA22-CBB6B5AA98C2}.Debug|x86.ActiveCfg = Debug|x86
		{DE6646DA-A484-4BF4-AA22-CBB6B5AA98C2}.Debug|x86.Build.0 = Debug|x86
		{DE6646DA-A484-4BF4-AA22-CBB6B5AA98C2}.Release|Any CPU.ActiveCfg = Release|x86
		{DE6646DA-A484-4BF4-AA22-CBB6B5AA98C2}.Release|ARM.ActiveCfg = Release|ARM
		{DE6646DA-A484-4BF4-AA22-CBB6B5AA98C2}.Release|ARM.Build.0 = Release|ARM
		{DE6646DA-A484-4BF4-AA22-CBB6B5AA98C2}.Release|ARM.Deploy.0 = Release|ARM
		{DE6646DA-A484-4BF4-AA22-CBB6B5AA98C2}.Release|x64.ActiveCfg = Release|x64
		{DE6646DA-A484-4BF4-AA22-CBB6B5AA98C2}.Release|x64.Build.0 = Release|x64
		{DE6646DA-A484-4BF4-AA22-CBB6B5AA98C2}.Release|x86.ActiveCfg = Release|x86
		{DE6646DA-A484-4BF4-AA22-CBB6B5AA98C2}.Release|x86.Build.0 = Release|x86
		{8768766B-6313-49DE-954C-F74E5429784D}.Debug|Any CPU.ActiveCfg = Debug|Any CPU
		{8768766B-6313-49DE-954C-F74E5429784D}.Debug|Any CPU.Build.0 = Debug|Any CPU
		{8768766B-6313-49DE-954C-F74E5429784D}.Debug|ARM.ActiveCfg = Debug|ARM
		{8768766B-6313-49DE-954C-F74E5429784D}.Debug|ARM.Build.0 = Debug|ARM
		{8768766B-6313-49DE-954C-F74E5429784D}.Debug|x64.ActiveCfg = Debug|x64
		{8768766B-6313-49DE-954C-F74E5429784D}.Debug|x64.Build.0 = Debug|x64
		{8768766B-6313-49DE-954C-F74E5429784D}.Debug|x86.ActiveCfg = Debug|x86
		{8768766B-6313-49DE-954C-F74E5429784D}.Debug|x86.Build.0 = Debug|x86
		{8768766B-6313-49DE-954C-F74E5429784D}.Release|Any CPU.ActiveCfg = Release|Any CPU
		{8768766B-6313-49DE-954C-F74E5429784D}.Release|Any CPU.Build.0 = Release|Any CPU
		{8768766B-6313-49DE-954C-F74E5429784D}.Release|ARM.ActiveCfg = Release|ARM
		{8768766B-6313-49DE-954C-F74E5429784D}.Release|ARM.Build.0 = Release|ARM
		{8768766B-6313-49DE-954C-F74E5429784D}.Release|x64.ActiveCfg = Release|x64
		{8768766B-6313-49DE-954C-F74E5429784D}.Release|x64.Build.0 = Release|x64
		{8768766B-6313-49DE-954C-F74E5429784D}.Release|x86.ActiveCfg = Release|x86
		{8768766B-6313-49DE-954C-F74E5429784D}.Release|x86.Build.0 = Release|x86
		{57DB77D1-0FBA-47A3-BBB3-32B17D39314F}.Debug|Any CPU.ActiveCfg = Debug|Any CPU
		{57DB77D1-0FBA-47A3-BBB3-32B17D39314F}.Debug|Any CPU.Build.0 = Debug|Any CPU
		{57DB77D1-0FBA-47A3-BBB3-32B17D39314F}.Debug|ARM.ActiveCfg = Debug|Any CPU
		{57DB77D1-0FBA-47A3-BBB3-32B17D39314F}.Debug|ARM.Build.0 = Debug|Any CPU
		{57DB77D1-0FBA-47A3-BBB3-32B17D39314F}.Debug|x64.ActiveCfg = Debug|Any CPU
		{57DB77D1-0FBA-47A3-BBB3-32B17D39314F}.Debug|x64.Build.0 = Debug|Any CPU
		{57DB77D1-0FBA-47A3-BBB3-32B17D39314F}.Debug|x86.ActiveCfg = Debug|Any CPU
		{57DB77D1-0FBA-47A3-BBB3-32B17D39314F}.Debug|x86.Build.0 = Debug|Any CPU
		{57DB77D1-0FBA-47A3-BBB3-32B17D39314F}.Release|Any CPU.ActiveCfg = Release|Any CPU
		{57DB77D1-0FBA-47A3-BBB3-32B17D39314F}.Release|Any CPU.Build.0 = Release|Any CPU
		{57DB77D1-0FBA-47A3-BBB3-32B17D39314F}.Release|ARM.ActiveCfg = Release|Any CPU
		{57DB77D1-0FBA-47A3-BBB3-32B17D39314F}.Release|ARM.Build.0 = Release|Any CPU
		{57DB77D1-0FBA-47A3-BBB3-32B17D39314F}.Release|x64.ActiveCfg = Release|Any CPU
		{57DB77D1-0FBA-47A3-BBB3-32B17D39314F}.Release|x64.Build.0 = Release|Any CPU
		{57DB77D1-0FBA-47A3-BBB3-32B17D39314F}.Release|x86.ActiveCfg = Release|Any CPU
		{57DB77D1-0FBA-47A3-BBB3-32B17D39314F}.Release|x86.Build.0 = Release|Any CPU
		{0CD9A67F-215F-4F24-94E5-291A855CA668}.Debug|Any CPU.ActiveCfg = Debug|Any CPU
		{0CD9A67F-215F-4F24-94E5-291A855CA668}.Debug|Any CPU.Build.0 = Debug|Any CPU
		{0CD9A67F-215F-4F24-94E5-291A855CA668}.Debug|Any CPU.Deploy.0 = Debug|Any CPU
		{0CD9A67F-215F-4F24-94E5-291A855CA668}.Debug|ARM.ActiveCfg = Debug|Any CPU
		{0CD9A67F-215F-4F24-94E5-291A855CA668}.Debug|ARM.Build.0 = Debug|Any CPU
		{0CD9A67F-215F-4F24-94E5-291A855CA668}.Debug|ARM.Deploy.0 = Debug|Any CPU
		{0CD9A67F-215F-4F24-94E5-291A855CA668}.Debug|x64.ActiveCfg = Debug|x64
		{0CD9A67F-215F-4F24-94E5-291A855CA668}.Debug|x64.Build.0 = Debug|x64
		{0CD9A67F-215F-4F24-94E5-291A855CA668}.Debug|x64.Deploy.0 = Debug|x64
		{0CD9A67F-215F-4F24-94E5-291A855CA668}.Debug|x86.ActiveCfg = Debug|x86
		{0CD9A67F-215F-4F24-94E5-291A855CA668}.Debug|x86.Build.0 = Debug|x86
		{0CD9A67F-215F-4F24-94E5-291A855CA668}.Debug|x86.Deploy.0 = Debug|x86
		{0CD9A67F-215F-4F24-94E5-291A855CA668}.Release|Any CPU.ActiveCfg = Release|Any CPU
		{0CD9A67F-215F-4F24-94E5-291A855CA668}.Release|Any CPU.Build.0 = Release|Any CPU
		{0CD9A67F-215F-4F24-94E5-291A855CA668}.Release|Any CPU.Deploy.0 = Release|Any CPU
		{0CD9A67F-215F-4F24-94E5-291A855CA668}.Release|ARM.ActiveCfg = Release|Any CPU
		{0CD9A67F-215F-4F24-94E5-291A855CA668}.Release|ARM.Build.0 = Release|Any CPU
		{0CD9A67F-215F-4F24-94E5-291A855CA668}.Release|ARM.Deploy.0 = Release|Any CPU
		{0CD9A67F-215F-4F24-94E5-291A855CA668}.Release|x64.ActiveCfg = Release|x64
		{0CD9A67F-215F-4F24-94E5-291A855CA668}.Release|x64.Build.0 = Release|x64
		{0CD9A67F-215F-4F24-94E5-291A855CA668}.Release|x64.Deploy.0 = Release|x64
		{0CD9A67F-215F-4F24-94E5-291A855CA668}.Release|x86.ActiveCfg = Release|x86
		{0CD9A67F-215F-4F24-94E5-291A855CA668}.Release|x86.Build.0 = Release|x86
		{0CD9A67F-215F-4F24-94E5-291A855CA668}.Release|x86.Deploy.0 = Release|x86
	EndGlobalSection
	GlobalSection(SolutionProperties) = preSolution
		HideSolutionNode = FALSE
	EndGlobalSection
	GlobalSection(ExtensibilityGlobals) = postSolution
		SolutionGuid = {B6129284-6E16-4D0E-B50F-1BD4086818E9}
	EndGlobalSection
EndGlobal
