
Microsoft Visual Studio Solution File, Format Version 12.00
# Visual Studio 15
VisualStudioVersion = 15.0.27428.2043
MinimumVisualStudioVersion = 10.0.40219.1
Project("{FAE04EC0-301F-11D3-BF4B-00C04F79EFBC}") = "GlobalHotkey", "GlobalHotkey\GlobalHotkey.csproj", "{1BBEF4F1-DDD0-4AE7-94D8-19C8B5D226D3}"
EndProject
Project("{FAE04EC0-301F-11D3-BF4B-00C04F79EFBC}") = "HotkeyWindow", "HotkeyWindow\HotkeyWindow.csproj", "{D3BB613F-B72C-41CA-BF5D-309184CF44E6}"
EndProject
Project("{C7167F0D-BC9F-4E6E-AFE1-012C56B48DB5}") = "Package", "Package\Package.wapproj", "{7F9FACFA-8CBF-400E-90A4-66C365D37F57}"
EndProject
Global
	GlobalSection(SolutionConfigurationPlatforms) = preSolution
		Debug|Any CPU = Debug|Any CPU
		Debug|ARM = Debug|ARM
		Debug|x64 = Debug|x64
		Debug|x86 = Debug|x86
		Release|Any CPU = Release|Any CPU
		Release|ARM = Release|ARM
		Release|x64 = Release|x64
		Release|x86 = Release|x86
	EndGlobalSection
	GlobalSection(ProjectConfigurationPlatforms) = postSolution
		{1BBEF4F1-DDD0-4AE7-94D8-19C8B5D226D3}.Debug|Any CPU.ActiveCfg = Debug|x86
		{1BBEF4F1-DDD0-4AE7-94D8-19C8B5D226D3}.Debug|ARM.ActiveCfg = Debug|ARM
		{1BBEF4F1-DDD0-4AE7-94D8-19C8B5D226D3}.Debug|ARM.Build.0 = Debug|ARM
		{1BBEF4F1-DDD0-4AE7-94D8-19C8B5D226D3}.Debug|ARM.Deploy.0 = Debug|ARM
		{1BBEF4F1-DDD0-4AE7-94D8-19C8B5D226D3}.Debug|x64.ActiveCfg = Debug|x64
		{1BBEF4F1-DDD0-4AE7-94D8-19C8B5D226D3}.Debug|x64.Build.0 = Debug|x64
		{1BBEF4F1-DDD0-4AE7-94D8-19C8B5D226D3}.Debug|x86.ActiveCfg = Debug|x86
		{1BBEF4F1-DDD0-4AE7-94D8-19C8B5D226D3}.Debug|x86.Build.0 = Debug|x86
		{1BBEF4F1-DDD0-4AE7-94D8-19C8B5D226D3}.Release|Any CPU.ActiveCfg = Release|x86
		{1BBEF4F1-DDD0-4AE7-94D8-19C8B5D226D3}.Release|ARM.ActiveCfg = Release|ARM
		{1BBEF4F1-DDD0-4AE7-94D8-19C8B5D226D3}.Release|ARM.Build.0 = Release|ARM
		{1BBEF4F1-DDD0-4AE7-94D8-19C8B5D226D3}.Release|x64.ActiveCfg = Release|x64
		{1BBEF4F1-DDD0-4AE7-94D8-19C8B5D226D3}.Release|x64.Build.0 = Release|x64
		{1BBEF4F1-DDD0-4AE7-94D8-19C8B5D226D3}.Release|x86.ActiveCfg = Release|x86
		{1BBEF4F1-DDD0-4AE7-94D8-19C8B5D226D3}.Release|x86.Build.0 = Release|x86
		{D3BB613F-B72C-41CA-BF5D-309184CF44E6}.Debug|Any CPU.ActiveCfg = Debug|Any CPU
		{D3BB613F-B72C-41CA-BF5D-309184CF44E6}.Debug|Any CPU.Build.0 = Debug|Any CPU
		{D3BB613F-B72C-41CA-BF5D-309184CF44E6}.Debug|ARM.ActiveCfg = Debug|Any CPU
		{D3BB613F-B72C-41CA-BF5D-309184CF44E6}.Debug|ARM.Build.0 = Debug|Any CPU
		{D3BB613F-B72C-41CA-BF5D-309184CF44E6}.Debug|x64.ActiveCfg = Debug|Any CPU
		{D3BB613F-B72C-41CA-BF5D-309184CF44E6}.Debug|x64.Build.0 = Debug|Any CPU
		{D3BB613F-B72C-41CA-BF5D-309184CF44E6}.Debug|x86.ActiveCfg = Debug|Any CPU
		{D3BB613F-B72C-41CA-BF5D-309184CF44E6}.Debug|x86.Build.0 = Debug|Any CPU
		{D3BB613F-B72C-41CA-BF5D-309184CF44E6}.Release|Any CPU.ActiveCfg = Release|Any CPU
		{D3BB613F-B72C-41CA-BF5D-309184CF44E6}.Release|Any CPU.Build.0 = Release|Any CPU
		{D3BB613F-B72C-41CA-BF5D-309184CF44E6}.Release|ARM.ActiveCfg = Release|Any CPU
		{D3BB613F-B72C-41CA-BF5D-309184CF44E6}.Release|ARM.Build.0 = Release|Any CPU
		{D3BB613F-B72C-41CA-BF5D-309184CF44E6}.Release|x64.ActiveCfg = Release|Any CPU
		{D3BB613F-B72C-41CA-BF5D-309184CF44E6}.Release|x64.Build.0 = Release|Any CPU
		{D3BB613F-B72C-41CA-BF5D-309184CF44E6}.Release|x86.ActiveCfg = Release|Any CPU
		{D3BB613F-B72C-41CA-BF5D-309184CF44E6}.Release|x86.Build.0 = Release|Any CPU
		{7F9FACFA-8CBF-400E-90A4-66C365D37F57}.Debug|Any CPU.ActiveCfg = Debug|Any CPU
		{7F9FACFA-8CBF-400E-90A4-66C365D37F57}.Debug|Any CPU.Build.0 = Debug|Any CPU
		{7F9FACFA-8CBF-400E-90A4-66C365D37F57}.Debug|Any CPU.Deploy.0 = Debug|Any CPU
		{7F9FACFA-8CBF-400E-90A4-66C365D37F57}.Debug|ARM.ActiveCfg = Debug|Any CPU
		{7F9FACFA-8CBF-400E-90A4-66C365D37F57}.Debug|ARM.Build.0 = Debug|Any CPU
		{7F9FACFA-8CBF-400E-90A4-66C365D37F57}.Debug|ARM.Deploy.0 = Debug|Any CPU
		{7F9FACFA-8CBF-400E-90A4-66C365D37F57}.Debug|x64.ActiveCfg = Debug|x64
		{7F9FACFA-8CBF-400E-90A4-66C365D37F57}.Debug|x64.Build.0 = Debug|x64
		{7F9FACFA-8CBF-400E-90A4-66C365D37F57}.Debug|x64.Deploy.0 = Debug|x64
		{7F9FACFA-8CBF-400E-90A4-66C365D37F57}.Debug|x86.ActiveCfg = Debug|x86
		{7F9FACFA-8CBF-400E-90A4-66C365D37F57}.Debug|x86.Build.0 = Debug|x86
		{7F9FACFA-8CBF-400E-90A4-66C365D37F57}.Debug|x86.Deploy.0 = Debug|x86
		{7F9FACFA-8CBF-400E-90A4-66C365D37F57}.Release|Any CPU.ActiveCfg = Release|Any CPU
		{7F9FACFA-8CBF-400E-90A4-66C365D37F57}.Release|Any CPU.Build.0 = Release|Any CPU
		{7F9FACFA-8CBF-400E-90A4-66C365D37F57}.Release|Any CPU.Deploy.0 = Release|Any CPU
		{7F9FACFA-8CBF-400E-90A4-66C365D37F57}.Release|ARM.ActiveCfg = Release|Any CPU
		{7F9FACFA-8CBF-400E-90A4-66C365D37F57}.Release|ARM.Build.0 = Release|Any CPU
		{7F9FACFA-8CBF-400E-90A4-66C365D37F57}.Release|ARM.Deploy.0 = Release|Any CPU
		{7F9FACFA-8CBF-400E-90A4-66C365D37F57}.Release|x64.ActiveCfg = Release|x64
		{7F9FACFA-8CBF-400E-90A4-66C365D37F57}.Release|x64.Build.0 = Release|x64
		{7F9FACFA-8CBF-400E-90A4-66C365D37F57}.Release|x64.Deploy.0 = Release|x64
		{7F9FACFA-8CBF-400E-90A4-66C365D37F57}.Release|x86.ActiveCfg = Release|x86
		{7F9FACFA-8CBF-400E-90A4-66C365D37F57}.Release|x86.Build.0 = Release|x86
		{7F9FACFA-8CBF-400E-90A4-66C365D37F57}.Release|x86.Deploy.0 = Release|x86
	EndGlobalSection
	GlobalSection(SolutionProperties) = preSolution
		HideSolutionNode = FALSE
	EndGlobalSection
	GlobalSection(ExtensibilityGlobals) = postSolution
		SolutionGuid = {7DC47C4F-0DCC-4438-8FAF-EE1DBE71C4F0}
	EndGlobalSection
EndGlobal
